
Microsoft Visual Studio Solution File, Format Version 12.00
# Visual Studio 15
Project("{FAE04EC0-301F-11D3-BF4B-00C04F79EFBC}") = "AspNetCore.SecurityHeaders", "AspNetCore.SecurityHeaders.csproj", "{C5022A8B-8F6C-47A3-88C1-598BE54F9907}"
EndProject
Global
	GlobalSection(SolutionConfigurationPlatforms) = preSolution
		Debug|Any CPU = Debug|Any CPU
		Release|Any CPU = Release|Any CPU
	EndGlobalSection
	GlobalSection(ProjectConfigurationPlatforms) = postSolution
		{C5022A8B-8F6C-47A3-88C1-598BE54F9907}.Debug|Any CPU.ActiveCfg = Debug|Any CPU
		{C5022A8B-8F6C-47A3-88C1-598BE54F9907}.Debug|Any CPU.Build.0 = Debug|Any CPU
		{C5022A8B-8F6C-47A3-88C1-598BE54F9907}.Release|Any CPU.ActiveCfg = Release|Any CPU
		{C5022A8B-8F6C-47A3-88C1-598BE54F9907}.Release|Any CPU.Build.0 = Release|Any CPU
	EndGlobalSection
EndGlobal
